
Microsoft Visual Studio Solution File, Format Version 12.00
# Visual Studio Version 16
VisualStudioVersion = 16.0.29503.13
MinimumVisualStudioVersion = 10.0.40219.1
Project("{FAE04EC0-301F-11D3-BF4B-00C04F79EFBC}") = "ProtoConverter", "ProtoConverter\ProtoConverter.csproj", "{A3ACB236-85E0-4C7D-B656-ED2427434443}"
EndProject
Global
	GlobalSection(SolutionConfigurationPlatforms) = preSolution
		Debug|Any CPU = Debug|Any CPU
		Release|Any CPU = Release|Any CPU
	EndGlobalSection
	GlobalSection(ProjectConfigurationPlatforms) = postSolution
		{A3ACB236-85E0-4C7D-B656-ED2427434443}.Debug|Any CPU.ActiveCfg = Debug|Any CPU
		{A3ACB236-85E0-4C7D-B656-ED2427434443}.Debug|Any CPU.Build.0 = Debug|Any CPU
		{A3ACB236-85E0-4C7D-B656-ED2427434443}.Release|Any CPU.ActiveCfg = Release|Any CPU
		{A3ACB236-85E0-4C7D-B656-ED2427434443}.Release|Any CPU.Build.0 = Release|Any CPU
	EndGlobalSection
	GlobalSection(SolutionProperties) = preSolution
		HideSolutionNode = FALSE
	EndGlobalSection
	GlobalSection(ExtensibilityGlobals) = postSolution
		SolutionGuid = {F098A5FF-D812-48F5-ACF0-933E442D830D}
	EndGlobalSection
EndGlobal
